// !$*UTF8*$!
{
	archiveVersion = 1;
	classes = {
	};
	objectVersion = 46;
	objects = {

/* Begin PBXBuildFile section */
		0636A3DA1DB4DAF200407464 /* MainSplitViewController.m in Sources */ = {isa = PBXBuildFile; fileRef = 0636A3D91DB4DAF200407464 /* MainSplitViewController.m */; };
		0636A3DF1DB4E49100407464 /* MainWindowController.m in Sources */ = {isa = PBXBuildFile; fileRef = 0636A3DE1DB4E49100407464 /* MainWindowController.m */; };
		0636A3E51DB4E99000407464 /* CenteringClipView.m in Sources */ = {isa = PBXBuildFile; fileRef = 0636A3E41DB4E99000407464 /* CenteringClipView.m */; };
		06A4A83F1DB4F0AC00F0C865 /* ImageCollection.m in Sources */ = {isa = PBXBuildFile; fileRef = 06A4A83E1DB4F0AC00F0C865 /* ImageCollection.m */; };
		06A4A8431DB4F0E300F0C865 /* ImageFile.m in Sources */ = {isa = PBXBuildFile; fileRef = 06A4A8421DB4F0E300F0C865 /* ImageFile.m */; };
		06A4A8471DB50BDA00F0C865 /* ImageCollectionListViewController.m in Sources */ = {isa = PBXBuildFile; fileRef = 06A4A8461DB50BDA00F0C865 /* ImageCollectionListViewController.m */; };
		06A4A84B1DB8A38100F0C865 /* ImageListViewController.m in Sources */ = {isa = PBXBuildFile; fileRef = 06A4A84A1DB8A38100F0C865 /* ImageListViewController.m */; };
		06A4A84F1DB8A41E00F0C865 /* ImageViewersSplitViewController.m in Sources */ = {isa = PBXBuildFile; fileRef = 06A4A84E1DB8A41E00F0C865 /* ImageViewersSplitViewController.m */; };
		06A4A8561DB8EBD300F0C865 /* ImageCollectionViewItem.m in Sources */ = {isa = PBXBuildFile; fileRef = 06A4A8541DB8EBD300F0C865 /* ImageCollectionViewItem.m */; };
		06A4A8571DB8EBD300F0C865 /* ImageCollectionViewItem.xib in Resources */ = {isa = PBXBuildFile; fileRef = 06A4A8551DB8EBD300F0C865 /* ImageCollectionViewItem.xib */; };
		06A4A85A1DB91C4100F0C865 /* QuickLook.framework in Frameworks */ = {isa = PBXBuildFile; fileRef = 06A4A8591DB91C4100F0C865 /* QuickLook.framework */; };
		06CDB11A1CD76C1E00F5E21A /* AppDelegate.m in Sources */ = {isa = PBXBuildFile; fileRef = 06CDB1191CD76C1E00F5E21A /* AppDelegate.m */; };
		06CDB11D1CD76C1E00F5E21A /* main.m in Sources */ = {isa = PBXBuildFile; fileRef = 06CDB11C1CD76C1E00F5E21A /* main.m */; };
		06CDB1201CD76C1E00F5E21A /* ViewController.m in Sources */ = {isa = PBXBuildFile; fileRef = 06CDB11F1CD76C1E00F5E21A /* ViewController.m */; };
		06CDB1221CD76C1E00F5E21A /* Assets.xcassets in Resources */ = {isa = PBXBuildFile; fileRef = 06CDB1211CD76C1E00F5E21A /* Assets.xcassets */; };
		06CDB1251CD76C1E00F5E21A /* Main.storyboard in Resources */ = {isa = PBXBuildFile; fileRef = 06CDB1231CD76C1E00F5E21A /* Main.storyboard */; };
		06CDB1301CD76C1F00F5E21A /* Demo_OSXTests.m in Sources */ = {isa = PBXBuildFile; fileRef = 06CDB12F1CD76C1F00F5E21A /* Demo_OSXTests.m */; };
		06CDB13B1CD76C1F00F5E21A /* Demo_OSXUITests.m in Sources */ = {isa = PBXBuildFile; fileRef = 06CDB13A1CD76C1F00F5E21A /* Demo_OSXUITests.m */; };
		06CDB15D1CD76E6600F5E21A /* SVGKit.framework in Frameworks */ = {isa = PBXBuildFile; fileRef = 06CDB15A1CD76E3900F5E21A /* SVGKit.framework */; };
		06CDB15E1CD76E6600F5E21A /* SVGKit.framework in Embed Frameworks */ = {isa = PBXBuildFile; fileRef = 06CDB15A1CD76E3900F5E21A /* SVGKit.framework */; settings = {ATTRIBUTES = (CodeSignOnCopy, RemoveHeadersOnCopy, ); }; };
		06CDB1641CD76F1600F5E21A /* CocoaLumberjack.framework in Frameworks */ = {isa = PBXBuildFile; fileRef = 06CDB1631CD76F1600F5E21A /* CocoaLumberjack.framework */; };
		06CDB1661CD76F3900F5E21A /* CocoaLumberjack.framework in Embed Frameworks */ = {isa = PBXBuildFile; fileRef = 06CDB1631CD76F1600F5E21A /* CocoaLumberjack.framework */; settings = {ATTRIBUTES = (CodeSignOnCopy, RemoveHeadersOnCopy, ); }; };
		06F123071DC757660057DF48 /* WebKit.framework in Frameworks */ = {isa = PBXBuildFile; fileRef = 06F123061DC757660057DF48 /* WebKit.framework */; };
		06F1230C1DC762F50057DF48 /* ImageViewerViewController.m in Sources */ = {isa = PBXBuildFile; fileRef = 06F1230B1DC762F50057DF48 /* ImageViewerViewController.m */; };
/* End PBXBuildFile section */

/* Begin PBXContainerItemProxy section */
		06CDB12C1CD76C1F00F5E21A /* PBXContainerItemProxy */ = {
			isa = PBXContainerItemProxy;
			containerPortal = 06CDB10D1CD76C1E00F5E21A /* Project object */;
			proxyType = 1;
			remoteGlobalIDString = 06CDB1141CD76C1E00F5E21A;
			remoteInfo = "Demo-OSX";
		};
		06CDB1371CD76C1F00F5E21A /* PBXContainerItemProxy */ = {
			isa = PBXContainerItemProxy;
			containerPortal = 06CDB10D1CD76C1E00F5E21A /* Project object */;
			proxyType = 1;
			remoteGlobalIDString = 06CDB1141CD76C1E00F5E21A;
			remoteInfo = "Demo-OSX";
		};
		06CDB1591CD76E3900F5E21A /* PBXContainerItemProxy */ = {
			isa = PBXContainerItemProxy;
			containerPortal = 06CDB1541CD76E3900F5E21A /* SVGKit-OSX.xcodeproj */;
			proxyType = 2;
			remoteGlobalIDString = 06CDAED11CD73F0200F5E21A;
			remoteInfo = "SVGKit-OSX";
		};
		06CDB15B1CD76E3900F5E21A /* PBXContainerItemProxy */ = {
			isa = PBXContainerItemProxy;
			containerPortal = 06CDB1541CD76E3900F5E21A /* SVGKit-OSX.xcodeproj */;
			proxyType = 2;
			remoteGlobalIDString = 06CDAEDB1CD73F0200F5E21A;
			remoteInfo = "SVGKit-OSXTests";
		};
		06CDB15F1CD76E6600F5E21A /* PBXContainerItemProxy */ = {
			isa = PBXContainerItemProxy;
			containerPortal = 06CDB1541CD76E3900F5E21A /* SVGKit-OSX.xcodeproj */;
			proxyType = 1;
			remoteGlobalIDString = 06CDAED01CD73F0200F5E21A;
			remoteInfo = "SVGKit-OSX";
		};
/* End PBXContainerItemProxy section */

/* Begin PBXCopyFilesBuildPhase section */
		06CDB1611CD76E6600F5E21A /* Embed Frameworks */ = {
			isa = PBXCopyFilesBuildPhase;
			buildActionMask = 2147483647;
			dstPath = "";
			dstSubfolderSpec = 10;
			files = (
				06CDB1661CD76F3900F5E21A /* CocoaLumberjack.framework in Embed Frameworks */,
				06CDB15E1CD76E6600F5E21A /* SVGKit.framework in Embed Frameworks */,
			);
			name = "Embed Frameworks";
			runOnlyForDeploymentPostprocessing = 0;
		};
/* End PBXCopyFilesBuildPhase section */

/* Begin PBXFileReference section */
		0636A3D81DB4DAF200407464 /* MainSplitViewController.h */ = {isa = PBXFileReference; fileEncoding = 4; lastKnownFileType = sourcecode.c.h; path = MainSplitViewController.h; sourceTree = "<group>"; };
		0636A3D91DB4DAF200407464 /* MainSplitViewController.m */ = {isa = PBXFileReference; fileEncoding = 4; lastKnownFileType = sourcecode.c.objc; path = MainSplitViewController.m; sourceTree = "<group>"; };
		0636A3DD1DB4E49100407464 /* MainWindowController.h */ = {isa = PBXFileReference; fileEncoding = 4; lastKnownFileType = sourcecode.c.h; path = MainWindowController.h; sourceTree = "<group>"; };
		0636A3DE1DB4E49100407464 /* MainWindowController.m */ = {isa = PBXFileReference; fileEncoding = 4; lastKnownFileType = sourcecode.c.objc; path = MainWindowController.m; sourceTree = "<group>"; };
		0636A3E31DB4E99000407464 /* CenteringClipView.h */ = {isa = PBXFileReference; fileEncoding = 4; lastKnownFileType = sourcecode.c.h; path = CenteringClipView.h; sourceTree = "<group>"; };
		0636A3E41DB4E99000407464 /* CenteringClipView.m */ = {isa = PBXFileReference; fileEncoding = 4; lastKnownFileType = sourcecode.c.objc; path = CenteringClipView.m; sourceTree = "<group>"; };
		06A4A83D1DB4F0AC00F0C865 /* ImageCollection.h */ = {isa = PBXFileReference; fileEncoding = 4; lastKnownFileType = sourcecode.c.h; path = ImageCollection.h; sourceTree = "<group>"; };
		06A4A83E1DB4F0AC00F0C865 /* ImageCollection.m */ = {isa = PBXFileReference; fileEncoding = 4; lastKnownFileType = sourcecode.c.objc; path = ImageCollection.m; sourceTree = "<group>"; };
		06A4A8411DB4F0E300F0C865 /* ImageFile.h */ = {isa = PBXFileReference; fileEncoding = 4; lastKnownFileType = sourcecode.c.h; path = ImageFile.h; sourceTree = "<group>"; };
		06A4A8421DB4F0E300F0C865 /* ImageFile.m */ = {isa = PBXFileReference; fileEncoding = 4; lastKnownFileType = sourcecode.c.objc; path = ImageFile.m; sourceTree = "<group>"; };
		06A4A8451DB50BDA00F0C865 /* ImageCollectionListViewController.h */ = {isa = PBXFileReference; fileEncoding = 4; lastKnownFileType = sourcecode.c.h; path = ImageCollectionListViewController.h; sourceTree = "<group>"; };
		06A4A8461DB50BDA00F0C865 /* ImageCollectionListViewController.m */ = {isa = PBXFileReference; fileEncoding = 4; lastKnownFileType = sourcecode.c.objc; path = ImageCollectionListViewController.m; sourceTree = "<group>"; };
		06A4A8491DB8A38100F0C865 /* ImageListViewController.h */ = {isa = PBXFileReference; fileEncoding = 4; lastKnownFileType = sourcecode.c.h; path = ImageListViewController.h; sourceTree = "<group>"; };
		06A4A84A1DB8A38100F0C865 /* ImageListViewController.m */ = {isa = PBXFileReference; fileEncoding = 4; lastKnownFileType = sourcecode.c.objc; path = ImageListViewController.m; sourceTree = "<group>"; };
		06A4A84D1DB8A41E00F0C865 /* ImageViewersSplitViewController.h */ = {isa = PBXFileReference; fileEncoding = 4; lastKnownFileType = sourcecode.c.h; path = ImageViewersSplitViewController.h; sourceTree = "<group>"; };
		06A4A84E1DB8A41E00F0C865 /* ImageViewersSplitViewController.m */ = {isa = PBXFileReference; fileEncoding = 4; lastKnownFileType = sourcecode.c.objc; path = ImageViewersSplitViewController.m; sourceTree = "<group>"; };
		06A4A8531DB8EBD300F0C865 /* ImageCollectionViewItem.h */ = {isa = PBXFileReference; fileEncoding = 4; lastKnownFileType = sourcecode.c.h; path = ImageCollectionViewItem.h; sourceTree = "<group>"; };
		06A4A8541DB8EBD300F0C865 /* ImageCollectionViewItem.m */ = {isa = PBXFileReference; fileEncoding = 4; lastKnownFileType = sourcecode.c.objc; path = ImageCollectionViewItem.m; sourceTree = "<group>"; };
		06A4A8551DB8EBD300F0C865 /* ImageCollectionViewItem.xib */ = {isa = PBXFileReference; fileEncoding = 4; lastKnownFileType = file.xib; path = ImageCollectionViewItem.xib; sourceTree = "<group>"; };
		06A4A8591DB91C4100F0C865 /* QuickLook.framework */ = {isa = PBXFileReference; lastKnownFileType = wrapper.framework; name = QuickLook.framework; path = System/Library/Frameworks/QuickLook.framework; sourceTree = SDKROOT; };
		06CDB1151CD76C1E00F5E21A /* Demo-OSX.app */ = {isa = PBXFileReference; explicitFileType = wrapper.application; includeInIndex = 0; path = "Demo-OSX.app"; sourceTree = BUILT_PRODUCTS_DIR; };
		06CDB1181CD76C1E00F5E21A /* AppDelegate.h */ = {isa = PBXFileReference; lastKnownFileType = sourcecode.c.h; path = AppDelegate.h; sourceTree = "<group>"; };
		06CDB1191CD76C1E00F5E21A /* AppDelegate.m */ = {isa = PBXFileReference; lastKnownFileType = sourcecode.c.objc; path = AppDelegate.m; sourceTree = "<group>"; };
		06CDB11C1CD76C1E00F5E21A /* main.m */ = {isa = PBXFileReference; lastKnownFileType = sourcecode.c.objc; path = main.m; sourceTree = "<group>"; };
		06CDB11E1CD76C1E00F5E21A /* ViewController.h */ = {isa = PBXFileReference; lastKnownFileType = sourcecode.c.h; path = ViewController.h; sourceTree = "<group>"; };
		06CDB11F1CD76C1E00F5E21A /* ViewController.m */ = {isa = PBXFileReference; lastKnownFileType = sourcecode.c.objc; path = ViewController.m; sourceTree = "<group>"; };
		06CDB1211CD76C1E00F5E21A /* Assets.xcassets */ = {isa = PBXFileReference; lastKnownFileType = folder.assetcatalog; path = Assets.xcassets; sourceTree = "<group>"; };
		06CDB1241CD76C1E00F5E21A /* Base */ = {isa = PBXFileReference; lastKnownFileType = file.storyboard; name = Base; path = Base.lproj/Main.storyboard; sourceTree = "<group>"; };
		06CDB1261CD76C1E00F5E21A /* Info.plist */ = {isa = PBXFileReference; lastKnownFileType = text.plist.xml; path = Info.plist; sourceTree = "<group>"; };
		06CDB12B1CD76C1F00F5E21A /* Demo-OSXTests.xctest */ = {isa = PBXFileReference; explicitFileType = wrapper.cfbundle; includeInIndex = 0; path = "Demo-OSXTests.xctest"; sourceTree = BUILT_PRODUCTS_DIR; };
		06CDB12F1CD76C1F00F5E21A /* Demo_OSXTests.m */ = {isa = PBXFileReference; lastKnownFileType = sourcecode.c.objc; path = Demo_OSXTests.m; sourceTree = "<group>"; };
		06CDB1311CD76C1F00F5E21A /* Info.plist */ = {isa = PBXFileReference; lastKnownFileType = text.plist.xml; path = Info.plist; sourceTree = "<group>"; };
		06CDB1361CD76C1F00F5E21A /* Demo-OSXUITests.xctest */ = {isa = PBXFileReference; explicitFileType = wrapper.cfbundle; includeInIndex = 0; path = "Demo-OSXUITests.xctest"; sourceTree = BUILT_PRODUCTS_DIR; };
		06CDB13A1CD76C1F00F5E21A /* Demo_OSXUITests.m */ = {isa = PBXFileReference; lastKnownFileType = sourcecode.c.objc; path = Demo_OSXUITests.m; sourceTree = "<group>"; };
		06CDB13C1CD76C1F00F5E21A /* Info.plist */ = {isa = PBXFileReference; lastKnownFileType = text.plist.xml; path = Info.plist; sourceTree = "<group>"; };
		06CDB1541CD76E3900F5E21A /* SVGKit-OSX.xcodeproj */ = {isa = PBXFileReference; lastKnownFileType = "wrapper.pb-project"; path = "SVGKit-OSX.xcodeproj"; sourceTree = "<group>"; };
		06CDB1631CD76F1600F5E21A /* CocoaLumberjack.framework */ = {isa = PBXFileReference; lastKnownFileType = wrapper.framework; name = CocoaLumberjack.framework; path = "../../../3rd-party-frameworks/CocoaLumberjack-2.2.0/Mac/CocoaLumberjack.framework"; sourceTree = "<group>"; };
		06CDB16F1CD77CDF00F5E21A /* gradients.svg */ = {isa = PBXFileReference; fileEncoding = 4; lastKnownFileType = text.xml; path = gradients.svg; sourceTree = "<group>"; };
		06CDB1701CD77CDF00F5E21A /* Sample Licenses from svg-android project.txt */ = {isa = PBXFileReference; fileEncoding = 4; lastKnownFileType = text; path = "Sample Licenses from svg-android project.txt"; sourceTree = "<group>"; };
		06CDB1711CD77CDF00F5E21A /* shapes.svg */ = {isa = PBXFileReference; fileEncoding = 4; lastKnownFileType = text.xml; path = shapes.svg; sourceTree = "<group>"; };
		06CDB1721CD77CDF00F5E21A /* strokes.svg */ = {isa = PBXFileReference; fileEncoding = 4; lastKnownFileType = text.xml; path = strokes.svg; sourceTree = "<group>"; };
		06CDB1731CD77CDF00F5E21A /* transformations.svg */ = {isa = PBXFileReference; fileEncoding = 4; lastKnownFileType = text.xml; path = transformations.svg; sourceTree = "<group>"; };
		06CDB1741CD77CDF00F5E21A /* australia_states_blank.svg */ = {isa = PBXFileReference; fileEncoding = 4; lastKnownFileType = text.xml; path = australia_states_blank.svg; sourceTree = "<group>"; };
		06CDB1751CD77CDF00F5E21A /* bike-frame.svg */ = {isa = PBXFileReference; fileEncoding = 4; lastKnownFileType = text.xml; path = "bike-frame.svg"; sourceTree = "<group>"; };
		06CDB1761CD77CDF00F5E21A /* bird-1382034603Euc-cropped.png */ = {isa = PBXFileReference; lastKnownFileType = image.png; path = "bird-1382034603Euc-cropped.png"; sourceTree = "<group>"; };
		06CDB1771CD77CDF00F5E21A /* Blank_Map-Africa.svg */ = {isa = PBXFileReference; fileEncoding = 4; lastKnownFileType = text.xml; path = "Blank_Map-Africa.svg"; sourceTree = "<group>"; };
		06CDB1781CD77CDF00F5E21A /* BlankMap-World6-Equirectangular.svg */ = {isa = PBXFileReference; fileEncoding = 4; lastKnownFileType = text.xml; path = "BlankMap-World6-Equirectangular.svg"; sourceTree = "<group>"; };
		06CDB1791CD77CDF00F5E21A /* breaking-1.svg */ = {isa = PBXFileReference; fileEncoding = 4; lastKnownFileType = text.xml; path = "breaking-1.svg"; sourceTree = "<group>"; };
		06CDB17A1CD77CDF00F5E21A /* Coin.png */ = {isa = PBXFileReference; lastKnownFileType = image.png; path = Coin.png; sourceTree = "<group>"; };
		06CDB17B1CD77CDF00F5E21A /* Coins.svg */ = {isa = PBXFileReference; fileEncoding = 4; lastKnownFileType = text.xml; path = Coins.svg; sourceTree = "<group>"; };
		06CDB17C1CD77CDF00F5E21A /* CSS.css */ = {isa = PBXFileReference; fileEncoding = 4; lastKnownFileType = text.css; path = CSS.css; sourceTree = "<group>"; };
		06CDB17D1CD77CDF00F5E21A /* CSS.svg */ = {isa = PBXFileReference; fileEncoding = 4; lastKnownFileType = text.xml; path = CSS.svg; sourceTree = "<group>"; };
		06CDB17E1CD77CDF00F5E21A /* CurvedDiamond.svg */ = {isa = PBXFileReference; fileEncoding = 4; lastKnownFileType = text.xml; path = CurvedDiamond.svg; sourceTree = "<group>"; };
		06CDB17F1CD77CDF00F5E21A /* Cycling_Lambie.svg */ = {isa = PBXFileReference; fileEncoding = 4; lastKnownFileType = text.xml; path = Cycling_Lambie.svg; sourceTree = "<group>"; };
		06CDB1801CD77CDF00F5E21A /* Europe_states_reduced.svg */ = {isa = PBXFileReference; fileEncoding = 4; lastKnownFileType = text.xml; path = Europe_states_reduced.svg; sourceTree = "<group>"; };
		06CDB1811CD77CDF00F5E21A /* g-element-applies-rotation.svg */ = {isa = PBXFileReference; fileEncoding = 4; lastKnownFileType = text.xml; path = "g-element-applies-rotation.svg"; sourceTree = "<group>"; };
		06CDB1821CD77CDF00F5E21A /* groups-and-layers-test.svg */ = {isa = PBXFileReference; fileEncoding = 4; lastKnownFileType = text.xml; path = "groups-and-layers-test.svg"; sourceTree = "<group>"; };
		06CDB1831CD77CDF00F5E21A /* ImageAspectRatio.svg */ = {isa = PBXFileReference; fileEncoding = 4; lastKnownFileType = text.xml; path = ImageAspectRatio.svg; sourceTree = "<group>"; };
		06CDB1841CD77CDF00F5E21A /* imagetag-layer2-sun.svg */ = {isa = PBXFileReference; fileEncoding = 4; lastKnownFileType = text.xml; path = "imagetag-layer2-sun.svg"; sourceTree = "<group>"; };
		06CDB1851CD77CDF00F5E21A /* imagetag-layered.svg */ = {isa = PBXFileReference; fileEncoding = 4; lastKnownFileType = text.xml; path = "imagetag-layered.svg"; sourceTree = "<group>"; };
		06CDB1861CD77CDF00F5E21A /* imageWithASinglePointPath.svg */ = {isa = PBXFileReference; fileEncoding = 4; lastKnownFileType = text; path = imageWithASinglePointPath.svg; sourceTree = "<group>"; };
		06CDB1871CD77CDF00F5E21A /* Lion.svg */ = {isa = PBXFileReference; fileEncoding = 4; lastKnownFileType = text.xml; path = Lion.svg; sourceTree = "<group>"; };
		06CDB1881CD77CDF00F5E21A /* Location_European_nation_states.svg */ = {isa = PBXFileReference; fileEncoding = 4; lastKnownFileType = text.xml; path = Location_European_nation_states.svg; sourceTree = "<group>"; };
		06CDB1891CD77CDF00F5E21A /* map-alaska-onlysimple.svg */ = {isa = PBXFileReference; fileEncoding = 4; lastKnownFileType = text.xml; path = "map-alaska-onlysimple.svg"; sourceTree = "<group>"; };
		06CDB18A1CD77CDF00F5E21A /* Map.svg */ = {isa = PBXFileReference; fileEncoding = 4; lastKnownFileType = text.xml; path = Map.svg; sourceTree = "<group>"; };
		06CDB18B1CD77CDF00F5E21A /* MathCurve-optimized.svg */ = {isa = PBXFileReference; fileEncoding = 4; lastKnownFileType = text.xml; path = "MathCurve-optimized.svg"; sourceTree = "<group>"; };
		06CDB18C1CD77CDF00F5E21A /* Monkey.svg */ = {isa = PBXFileReference; fileEncoding = 4; lastKnownFileType = text.xml; path = Monkey.svg; sourceTree = "<group>"; };
		06CDB18D1CD77CDF00F5E21A /* NewTux.svg */ = {isa = PBXFileReference; fileEncoding = 4; lastKnownFileType = text.xml; path = NewTux.svg; sourceTree = "<group>"; };
		06CDB18E1CD77CDF00F5E21A /* Note.svg */ = {isa = PBXFileReference; fileEncoding = 4; lastKnownFileType = text.xml; path = Note.svg; sourceTree = "<group>"; };
		06CDB18F1CD77CDF00F5E21A /* parent-clip.svg */ = {isa = PBXFileReference; fileEncoding = 4; lastKnownFileType = text.xml; path = "parent-clip.svg"; sourceTree = "<group>"; };
		06CDB1901CD77CDF00F5E21A /* radial-gradient-opacity.svg */ = {isa = PBXFileReference; fileEncoding = 4; lastKnownFileType = text.xml; path = "radial-gradient-opacity.svg"; sourceTree = "<group>"; };
		06CDB1911CD77CDF00F5E21A /* radialGradientTest.svg */ = {isa = PBXFileReference; fileEncoding = 4; lastKnownFileType = text.xml; path = radialGradientTest.svg; sourceTree = "<group>"; };
		06CDB1921CD77CDF00F5E21A /* RainbowWing.svg */ = {isa = PBXFileReference; fileEncoding = 4; lastKnownFileType = text.xml; path = RainbowWing.svg; sourceTree = "<group>"; };
		06CDB1931CD77CDF00F5E21A /* Reinel_compass_rose-simplified-evenmore.svg */ = {isa = PBXFileReference; fileEncoding = 4; lastKnownFileType = text.xml; path = "Reinel_compass_rose-simplified-evenmore.svg"; sourceTree = "<group>"; };
		06CDB1941CD77CDF00F5E21A /* Reinel_compass_rose-simplified-for-testing.svg */ = {isa = PBXFileReference; fileEncoding = 4; lastKnownFileType = text.xml; path = "Reinel_compass_rose-simplified-for-testing.svg"; sourceTree = "<group>"; };
		06CDB1951CD77CDF00F5E21A /* Reinel_compass_rose-simplified-more.svg */ = {isa = PBXFileReference; fileEncoding = 4; lastKnownFileType = text.xml; path = "Reinel_compass_rose-simplified-more.svg"; sourceTree = "<group>"; };
		06CDB1961CD77CDF00F5E21A /* Reinel_compass_rose.svg */ = {isa = PBXFileReference; fileEncoding = 4; lastKnownFileType = text.xml; path = Reinel_compass_rose.svg; sourceTree = "<group>"; };
		06CDB1971CD77CDF00F5E21A /* rotated-and-skewed-text.svg */ = {isa = PBXFileReference; fileEncoding = 4; lastKnownFileType = text.xml; path = "rotated-and-skewed-text.svg"; sourceTree = "<group>"; };
		06CDB1981CD77CDF00F5E21A /* rounded-rects.svg */ = {isa = PBXFileReference; fileEncoding = 4; lastKnownFileType = text.xml; path = "rounded-rects.svg"; sourceTree = "<group>"; };
		06CDB1991CD77CDF00F5E21A /* sakamura-default-fill-opacity-test.svg */ = {isa = PBXFileReference; fileEncoding = 4; lastKnownFileType = text.xml; path = "sakamura-default-fill-opacity-test.svg"; sourceTree = "<group>"; };
		06CDB19A1CD77CDF00F5E21A /* Scale-Negative-Direction.svg */ = {isa = PBXFileReference; fileEncoding = 4; lastKnownFileType = text.xml; path = "Scale-Negative-Direction.svg"; sourceTree = "<group>"; };
		06CDB19B1CD77CDF00F5E21A /* Snowman.png */ = {isa = PBXFileReference; lastKnownFileType = image.png; path = Snowman.png; sourceTree = "<group>"; };
		06CDB19C1CD77CDF00F5E21A /* svg-with-explicit-width-large.svg */ = {isa = PBXFileReference; fileEncoding = 4; lastKnownFileType = text.xml; path = "svg-with-explicit-width-large.svg"; sourceTree = "<group>"; };
		06CDB19D1CD77CDF00F5E21A /* svg-with-explicit-width.svg */ = {isa = PBXFileReference; fileEncoding = 4; lastKnownFileType = text.xml; path = "svg-with-explicit-width.svg"; sourceTree = "<group>"; };
		06CDB19E1CD77CDF00F5E21A /* test-stroke-dash-array.svg */ = {isa = PBXFileReference; fileEncoding = 4; lastKnownFileType = text.xml; path = "test-stroke-dash-array.svg"; sourceTree = "<group>"; };
		06CDB19F1CD77CDF00F5E21A /* test-wave-1.svg */ = {isa = PBXFileReference; fileEncoding = 4; lastKnownFileType = text.xml; path = "test-wave-1.svg"; sourceTree = "<group>"; };
		06CDB1A01CD77CDF00F5E21A /* Text.svg */ = {isa = PBXFileReference; fileEncoding = 4; lastKnownFileType = text.xml; path = Text.svg; sourceTree = "<group>"; };
		06CDB1A11CD77CDF00F5E21A /* uk-only.svg */ = {isa = PBXFileReference; fileEncoding = 4; lastKnownFileType = text.xml; path = "uk-only.svg"; sourceTree = "<group>"; };
		06CDB1A21CD77CDF00F5E21A /* voies.svg */ = {isa = PBXFileReference; fileEncoding = 4; lastKnownFileType = text.xml; path = voies.svg; sourceTree = "<group>"; };
		06CDB1A41CD77CDF00F5E21A /* arcs01.svg */ = {isa = PBXFileReference; fileEncoding = 4; lastKnownFileType = text.xml; path = arcs01.svg; sourceTree = "<group>"; };
		06CDB1A51CD77CDF00F5E21A /* arcs02.svg */ = {isa = PBXFileReference; fileEncoding = 4; lastKnownFileType = text.xml; path = arcs02.svg; sourceTree = "<group>"; };
		06CDB1A61CD77CDF00F5E21A /* cubic01.svg */ = {isa = PBXFileReference; fileEncoding = 4; lastKnownFileType = text.xml; path = cubic01.svg; sourceTree = "<group>"; };
		06CDB1A71CD77CDF00F5E21A /* fillrule-evenodd.svg */ = {isa = PBXFileReference; fileEncoding = 4; lastKnownFileType = text.xml; path = "fillrule-evenodd.svg"; sourceTree = "<group>"; };
		06CDB1A81CD77CDF00F5E21A /* lingrad01.svg */ = {isa = PBXFileReference; fileEncoding = 4; lastKnownFileType = text.xml; path = lingrad01.svg; sourceTree = "<group>"; };
		06CDB1A91CD77CDF00F5E21A /* opacity01.svg */ = {isa = PBXFileReference; fileEncoding = 4; lastKnownFileType = text.xml; path = opacity01.svg; sourceTree = "<group>"; };
		06CDB1AA1CD77CDF00F5E21A /* pattern01.svg */ = {isa = PBXFileReference; fileEncoding = 4; lastKnownFileType = text.xml; path = pattern01.svg; sourceTree = "<group>"; };
		06CDB1AB1CD77CDF00F5E21A /* PreserveAspectRatio.svg */ = {isa = PBXFileReference; fileEncoding = 4; lastKnownFileType = text.xml; path = PreserveAspectRatio.svg; sourceTree = "<group>"; };
		06CDB1AC1CD77CDF00F5E21A /* quad01.svg */ = {isa = PBXFileReference; fileEncoding = 4; lastKnownFileType = text.xml; path = quad01.svg; sourceTree = "<group>"; };
		06CDB1AD1CD77CDF00F5E21A /* radgrad01.svg */ = {isa = PBXFileReference; fileEncoding = 4; lastKnownFileType = text.xml; path = radgrad01.svg; sourceTree = "<group>"; };
		06CDB1AE1CD77CDF00F5E21A /* StyleAttribute.svg */ = {isa = PBXFileReference; fileEncoding = 4; lastKnownFileType = text.xml; path = StyleAttribute.svg; sourceTree = "<group>"; };
		06CDB1AF1CD77CDF00F5E21A /* text01.svg */ = {isa = PBXFileReference; fileEncoding = 4; lastKnownFileType = text.xml; path = text01.svg; sourceTree = "<group>"; };
		06CDB1B01CD77CDF00F5E21A /* tspan01.svg */ = {isa = PBXFileReference; fileEncoding = 4; lastKnownFileType = text.xml; path = tspan01.svg; sourceTree = "<group>"; };
		06F123061DC757660057DF48 /* WebKit.framework */ = {isa = PBXFileReference; lastKnownFileType = wrapper.framework; name = WebKit.framework; path = System/Library/Frameworks/WebKit.framework; sourceTree = SDKROOT; };
		06F1230A1DC762F50057DF48 /* ImageViewerViewController.h */ = {isa = PBXFileReference; fileEncoding = 4; lastKnownFileType = sourcecode.c.h; path = ImageViewerViewController.h; sourceTree = "<group>"; };
		06F1230B1DC762F50057DF48 /* ImageViewerViewController.m */ = {isa = PBXFileReference; fileEncoding = 4; lastKnownFileType = sourcecode.c.objc; path = ImageViewerViewController.m; sourceTree = "<group>"; };
/* End PBXFileReference section */

/* Begin PBXFrameworksBuildPhase section */
		06CDB1121CD76C1E00F5E21A /* Frameworks */ = {
			isa = PBXFrameworksBuildPhase;
			buildActionMask = 2147483647;
			files = (
				06F123071DC757660057DF48 /* WebKit.framework in Frameworks */,
				06A4A85A1DB91C4100F0C865 /* QuickLook.framework in Frameworks */,
				06CDB1641CD76F1600F5E21A /* CocoaLumberjack.framework in Frameworks */,
				06CDB15D1CD76E6600F5E21A /* SVGKit.framework in Frameworks */,
			);
			runOnlyForDeploymentPostprocessing = 0;
		};
		06CDB1281CD76C1F00F5E21A /* Frameworks */ = {
			isa = PBXFrameworksBuildPhase;
			buildActionMask = 2147483647;
			files = (
			);
			runOnlyForDeploymentPostprocessing = 0;
		};
		06CDB1331CD76C1F00F5E21A /* Frameworks */ = {
			isa = PBXFrameworksBuildPhase;
			buildActionMask = 2147483647;
			files = (
			);
			runOnlyForDeploymentPostprocessing = 0;
		};
/* End PBXFrameworksBuildPhase section */

/* Begin PBXGroup section */
		0636A3D51DB4DA7400407464 /* View Controllers */ = {
			isa = PBXGroup;
			children = (
				0636A3D71DB4DA8F00407464 /* MainSplitViewController */,
				06A4A8441DB50BB800F0C865 /* ImageCollectionListViewController */,
				06A4A8481DB8A35900F0C865 /* ImageListViewController */,
				06A4A84C1DB8A3EA00F0C865 /* ImageViewerContainerViewController */,
				06F123091DC762A40057DF48 /* ImageViewerViewController */,
			);
			path = "View Controllers";
			sourceTree = "<group>";
		};
		0636A3D71DB4DA8F00407464 /* MainSplitViewController */ = {
			isa = PBXGroup;
			children = (
				0636A3D81DB4DAF200407464 /* MainSplitViewController.h */,
				0636A3D91DB4DAF200407464 /* MainSplitViewController.m */,
			);
			path = MainSplitViewController;
			sourceTree = "<group>";
		};
		0636A3DB1DB4E41900407464 /* Window Controllers */ = {
			isa = PBXGroup;
			children = (
				0636A3DC1DB4E42F00407464 /* MainWindowController */,
			);
			path = "Window Controllers";
			sourceTree = "<group>";
		};
		0636A3DC1DB4E42F00407464 /* MainWindowController */ = {
			isa = PBXGroup;
			children = (
				0636A3DD1DB4E49100407464 /* MainWindowController.h */,
				0636A3DE1DB4E49100407464 /* MainWindowController.m */,
			);
			path = MainWindowController;
			sourceTree = "<group>";
		};
		0636A3E01DB4E5DD00407464 /* Model */ = {
			isa = PBXGroup;
			children = (
				06A4A8401DB4F0C700F0C865 /* ImageFile */,
				06A4A83B1DB4F05C00F0C865 /* ImageCollection */,
			);
			path = Model;
			sourceTree = "<group>";
		};
		0636A3E11DB4E94C00407464 /* Views */ = {
			isa = PBXGroup;
			children = (
				0636A3E21DB4E96800407464 /* CenteringClipView */,
			);
			path = Views;
			sourceTree = "<group>";
		};
		0636A3E21DB4E96800407464 /* CenteringClipView */ = {
			isa = PBXGroup;
			children = (
				0636A3E31DB4E99000407464 /* CenteringClipView.h */,
				0636A3E41DB4E99000407464 /* CenteringClipView.m */,
			);
			path = CenteringClipView;
			sourceTree = "<group>";
		};
		06A4A83B1DB4F05C00F0C865 /* ImageCollection */ = {
			isa = PBXGroup;
			children = (
				06A4A83D1DB4F0AC00F0C865 /* ImageCollection.h */,
				06A4A83E1DB4F0AC00F0C865 /* ImageCollection.m */,
			);
			path = ImageCollection;
			sourceTree = "<group>";
		};
		06A4A8401DB4F0C700F0C865 /* ImageFile */ = {
			isa = PBXGroup;
			children = (
				06A4A8411DB4F0E300F0C865 /* ImageFile.h */,
				06A4A8421DB4F0E300F0C865 /* ImageFile.m */,
			);
			path = ImageFile;
			sourceTree = "<group>";
		};
		06A4A8441DB50BB800F0C865 /* ImageCollectionListViewController */ = {
			isa = PBXGroup;
			children = (
				06A4A8451DB50BDA00F0C865 /* ImageCollectionListViewController.h */,
				06A4A8461DB50BDA00F0C865 /* ImageCollectionListViewController.m */,
			);
			path = ImageCollectionListViewController;
			sourceTree = "<group>";
		};
		06A4A8481DB8A35900F0C865 /* ImageListViewController */ = {
			isa = PBXGroup;
			children = (
				06A4A8521DB8EBA200F0C865 /* ImageCollectionViewItem */,
				06A4A8491DB8A38100F0C865 /* ImageListViewController.h */,
				06A4A84A1DB8A38100F0C865 /* ImageListViewController.m */,
			);
			path = ImageListViewController;
			sourceTree = "<group>";
		};
		06A4A84C1DB8A3EA00F0C865 /* ImageViewerContainerViewController */ = {
			isa = PBXGroup;
			children = (
				06A4A84D1DB8A41E00F0C865 /* ImageViewersSplitViewController.h */,
				06A4A84E1DB8A41E00F0C865 /* ImageViewersSplitViewController.m */,
			);
			path = ImageViewerContainerViewController;
			sourceTree = "<group>";
		};
		06A4A8521DB8EBA200F0C865 /* ImageCollectionViewItem */ = {
			isa = PBXGroup;
			children = (
				06A4A8531DB8EBD300F0C865 /* ImageCollectionViewItem.h */,
				06A4A8541DB8EBD300F0C865 /* ImageCollectionViewItem.m */,
				06A4A8551DB8EBD300F0C865 /* ImageCollectionViewItem.xib */,
			);
			path = ImageCollectionViewItem;
			sourceTree = "<group>";
		};
		06A4A8581DB91C4100F0C865 /* Frameworks */ = {
			isa = PBXGroup;
			children = (
				06F123061DC757660057DF48 /* WebKit.framework */,
				06A4A8591DB91C4100F0C865 /* QuickLook.framework */,
			);
			name = Frameworks;
			sourceTree = "<group>";
		};
		06CDB10C1CD76C1E00F5E21A = {
			isa = PBXGroup;
			children = (
				06CDB1541CD76E3900F5E21A /* SVGKit-OSX.xcodeproj */,
				06CDB1171CD76C1E00F5E21A /* Demo-OSX */,
				06CDB12E1CD76C1F00F5E21A /* Demo-OSXTests */,
				06CDB1391CD76C1F00F5E21A /* Demo-OSXUITests */,
				06CDB1161CD76C1E00F5E21A /* Products */,
				06A4A8581DB91C4100F0C865 /* Frameworks */,
			);
			sourceTree = "<group>";
		};
		06CDB1161CD76C1E00F5E21A /* Products */ = {
			isa = PBXGroup;
			children = (
				06CDB1151CD76C1E00F5E21A /* Demo-OSX.app */,
				06CDB12B1CD76C1F00F5E21A /* Demo-OSXTests.xctest */,
				06CDB1361CD76C1F00F5E21A /* Demo-OSXUITests.xctest */,
			);
			name = Products;
			sourceTree = "<group>";
		};
		06CDB1171CD76C1E00F5E21A /* Demo-OSX */ = {
			isa = PBXGroup;
			children = (
				06CDB1181CD76C1E00F5E21A /* AppDelegate.h */,
				06CDB1191CD76C1E00F5E21A /* AppDelegate.m */,
				0636A3DB1DB4E41900407464 /* Window Controllers */,
				0636A3D51DB4DA7400407464 /* View Controllers */,
				0636A3E11DB4E94C00407464 /* Views */,
				0636A3E01DB4E5DD00407464 /* Model */,
				06CDB11E1CD76C1E00F5E21A /* ViewController.h */,
				06CDB11F1CD76C1E00F5E21A /* ViewController.m */,
				06CDB1211CD76C1E00F5E21A /* Assets.xcassets */,
				06CDB1231CD76C1E00F5E21A /* Main.storyboard */,
				06CDB1261CD76C1E00F5E21A /* Info.plist */,
				06CDB16D1CD77CDF00F5E21A /* SVG */,
				06CDB1621CD76F0600F5E21A /* Frameworks */,
				06CDB11B1CD76C1E00F5E21A /* Supporting Files */,
			);
			name = "Demo-OSX";
			path = "SVGKitFrameworks/Demo-OSX/Demo-OSX";
			sourceTree = "<group>";
		};
		06CDB11B1CD76C1E00F5E21A /* Supporting Files */ = {
			isa = PBXGroup;
			children = (
				06CDB11C1CD76C1E00F5E21A /* main.m */,
			);
			name = "Supporting Files";
			sourceTree = "<group>";
		};
		06CDB12E1CD76C1F00F5E21A /* Demo-OSXTests */ = {
			isa = PBXGroup;
			children = (
				06CDB12F1CD76C1F00F5E21A /* Demo_OSXTests.m */,
				06CDB1311CD76C1F00F5E21A /* Info.plist */,
			);
			name = "Demo-OSXTests";
			path = "SVGKitFrameworks/Demo-OSX/Demo-OSXTests";
			sourceTree = "<group>";
		};
		06CDB1391CD76C1F00F5E21A /* Demo-OSXUITests */ = {
			isa = PBXGroup;
			children = (
				06CDB13A1CD76C1F00F5E21A /* Demo_OSXUITests.m */,
				06CDB13C1CD76C1F00F5E21A /* Info.plist */,
			);
			name = "Demo-OSXUITests";
			path = "SVGKitFrameworks/Demo-OSX/Demo-OSXUITests";
			sourceTree = "<group>";
		};
		06CDB1551CD76E3900F5E21A /* Products */ = {
			isa = PBXGroup;
			children = (
				06CDB15A1CD76E3900F5E21A /* SVGKit.framework */,
				06CDB15C1CD76E3900F5E21A /* SVGKit-OSXTests.xctest */,
			);
			name = Products;
			sourceTree = "<group>";
		};
		06CDB1621CD76F0600F5E21A /* Frameworks */ = {
			isa = PBXGroup;
			children = (
				06CDB1631CD76F1600F5E21A /* CocoaLumberjack.framework */,
			);
			name = Frameworks;
			sourceTree = "<group>";
		};
		06CDB16D1CD77CDF00F5E21A /* SVG */ = {
			isa = PBXGroup;
			children = (
				06CDB16E1CD77CDF00F5E21A /* apache-licensed-from-svg-android */,
				06CDB1741CD77CDF00F5E21A /* australia_states_blank.svg */,
				06CDB1751CD77CDF00F5E21A /* bike-frame.svg */,
				06CDB1761CD77CDF00F5E21A /* bird-1382034603Euc-cropped.png */,
				06CDB1771CD77CDF00F5E21A /* Blank_Map-Africa.svg */,
				06CDB1781CD77CDF00F5E21A /* BlankMap-World6-Equirectangular.svg */,
				06CDB1791CD77CDF00F5E21A /* breaking-1.svg */,
				06CDB17A1CD77CDF00F5E21A /* Coin.png */,
				06CDB17B1CD77CDF00F5E21A /* Coins.svg */,
				06CDB17C1CD77CDF00F5E21A /* CSS.css */,
				06CDB17D1CD77CDF00F5E21A /* CSS.svg */,
				06CDB17E1CD77CDF00F5E21A /* CurvedDiamond.svg */,
				06CDB17F1CD77CDF00F5E21A /* Cycling_Lambie.svg */,
				06CDB1801CD77CDF00F5E21A /* Europe_states_reduced.svg */,
				06CDB1811CD77CDF00F5E21A /* g-element-applies-rotation.svg */,
				06CDB1821CD77CDF00F5E21A /* groups-and-layers-test.svg */,
				06CDB1831CD77CDF00F5E21A /* ImageAspectRatio.svg */,
				06CDB1841CD77CDF00F5E21A /* imagetag-layer2-sun.svg */,
				06CDB1851CD77CDF00F5E21A /* imagetag-layered.svg */,
				06CDB1861CD77CDF00F5E21A /* imageWithASinglePointPath.svg */,
				06CDB1871CD77CDF00F5E21A /* Lion.svg */,
				06CDB1881CD77CDF00F5E21A /* Location_European_nation_states.svg */,
				06CDB1891CD77CDF00F5E21A /* map-alaska-onlysimple.svg */,
				06CDB18A1CD77CDF00F5E21A /* Map.svg */,
				06CDB18B1CD77CDF00F5E21A /* MathCurve-optimized.svg */,
				06CDB18C1CD77CDF00F5E21A /* Monkey.svg */,
				06CDB18D1CD77CDF00F5E21A /* NewTux.svg */,
				06CDB18E1CD77CDF00F5E21A /* Note.svg */,
				06CDB18F1CD77CDF00F5E21A /* parent-clip.svg */,
				06CDB1901CD77CDF00F5E21A /* radial-gradient-opacity.svg */,
				06CDB1911CD77CDF00F5E21A /* radialGradientTest.svg */,
				06CDB1921CD77CDF00F5E21A /* RainbowWing.svg */,
				06CDB1931CD77CDF00F5E21A /* Reinel_compass_rose-simplified-evenmore.svg */,
				06CDB1941CD77CDF00F5E21A /* Reinel_compass_rose-simplified-for-testing.svg */,
				06CDB1951CD77CDF00F5E21A /* Reinel_compass_rose-simplified-more.svg */,
				06CDB1961CD77CDF00F5E21A /* Reinel_compass_rose.svg */,
				06CDB1971CD77CDF00F5E21A /* rotated-and-skewed-text.svg */,
				06CDB1981CD77CDF00F5E21A /* rounded-rects.svg */,
				06CDB1991CD77CDF00F5E21A /* sakamura-default-fill-opacity-test.svg */,
				06CDB19A1CD77CDF00F5E21A /* Scale-Negative-Direction.svg */,
				06CDB19B1CD77CDF00F5E21A /* Snowman.png */,
				06CDB19C1CD77CDF00F5E21A /* svg-with-explicit-width-large.svg */,
				06CDB19D1CD77CDF00F5E21A /* svg-with-explicit-width.svg */,
				06CDB19E1CD77CDF00F5E21A /* test-stroke-dash-array.svg */,
				06CDB19F1CD77CDF00F5E21A /* test-wave-1.svg */,
				06CDB1A01CD77CDF00F5E21A /* Text.svg */,
				06CDB1A11CD77CDF00F5E21A /* uk-only.svg */,
				06CDB1A21CD77CDF00F5E21A /* voies.svg */,
				06CDB1A31CD77CDF00F5E21A /* www.w3.org-TR-SVG */,
			);
			name = SVG;
			path = "Demo-Samples/SVG";
			sourceTree = SOURCE_ROOT;
		};
		06CDB16E1CD77CDF00F5E21A /* apache-licensed-from-svg-android */ = {
			isa = PBXGroup;
			children = (
				06CDB16F1CD77CDF00F5E21A /* gradients.svg */,
				06CDB1701CD77CDF00F5E21A /* Sample Licenses from svg-android project.txt */,
				06CDB1711CD77CDF00F5E21A /* shapes.svg */,
				06CDB1721CD77CDF00F5E21A /* strokes.svg */,
				06CDB1731CD77CDF00F5E21A /* transformations.svg */,
			);
			path = "apache-licensed-from-svg-android";
			sourceTree = "<group>";
		};
		06CDB1A31CD77CDF00F5E21A /* www.w3.org-TR-SVG */ = {
			isa = PBXGroup;
			children = (
				06CDB1A41CD77CDF00F5E21A /* arcs01.svg */,
				06CDB1A51CD77CDF00F5E21A /* arcs02.svg */,
				06CDB1A61CD77CDF00F5E21A /* cubic01.svg */,
				06CDB1A71CD77CDF00F5E21A /* fillrule-evenodd.svg */,
				06CDB1A81CD77CDF00F5E21A /* lingrad01.svg */,
				06CDB1A91CD77CDF00F5E21A /* opacity01.svg */,
				06CDB1AA1CD77CDF00F5E21A /* pattern01.svg */,
				06CDB1AB1CD77CDF00F5E21A /* PreserveAspectRatio.svg */,
				06CDB1AC1CD77CDF00F5E21A /* quad01.svg */,
				06CDB1AD1CD77CDF00F5E21A /* radgrad01.svg */,
				06CDB1AE1CD77CDF00F5E21A /* StyleAttribute.svg */,
				06CDB1AF1CD77CDF00F5E21A /* text01.svg */,
				06CDB1B01CD77CDF00F5E21A /* tspan01.svg */,
			);
			path = "www.w3.org-TR-SVG";
			sourceTree = "<group>";
		};
		06F123091DC762A40057DF48 /* ImageViewerViewController */ = {
			isa = PBXGroup;
			children = (
				06F1230A1DC762F50057DF48 /* ImageViewerViewController.h */,
				06F1230B1DC762F50057DF48 /* ImageViewerViewController.m */,
			);
			path = ImageViewerViewController;
			sourceTree = "<group>";
		};
/* End PBXGroup section */

/* Begin PBXNativeTarget section */
		06CDB1141CD76C1E00F5E21A /* Demo-OSX */ = {
			isa = PBXNativeTarget;
			buildConfigurationList = 06CDB13F1CD76C1F00F5E21A /* Build configuration list for PBXNativeTarget "Demo-OSX" */;
			buildPhases = (
				06CDB1111CD76C1E00F5E21A /* Sources */,
				06CDB1121CD76C1E00F5E21A /* Frameworks */,
				06CDB1131CD76C1E00F5E21A /* Resources */,
				06CDB1611CD76E6600F5E21A /* Embed Frameworks */,
			);
			buildRules = (
			);
			dependencies = (
				06CDB1601CD76E6600F5E21A /* PBXTargetDependency */,
			);
			name = "Demo-OSX";
			productName = "Demo-OSX";
			productReference = 06CDB1151CD76C1E00F5E21A /* Demo-OSX.app */;
			productType = "com.apple.product-type.application";
		};
		06CDB12A1CD76C1F00F5E21A /* Demo-OSXTests */ = {
			isa = PBXNativeTarget;
			buildConfigurationList = 06CDB1421CD76C1F00F5E21A /* Build configuration list for PBXNativeTarget "Demo-OSXTests" */;
			buildPhases = (
				06CDB1271CD76C1F00F5E21A /* Sources */,
				06CDB1281CD76C1F00F5E21A /* Frameworks */,
				06CDB1291CD76C1F00F5E21A /* Resources */,
			);
			buildRules = (
			);
			dependencies = (
				06CDB12D1CD76C1F00F5E21A /* PBXTargetDependency */,
			);
			name = "Demo-OSXTests";
			productName = "Demo-OSXTests";
			productReference = 06CDB12B1CD76C1F00F5E21A /* Demo-OSXTests.xctest */;
			productType = "com.apple.product-type.bundle.unit-test";
		};
		06CDB1351CD76C1F00F5E21A /* Demo-OSXUITests */ = {
			isa = PBXNativeTarget;
			buildConfigurationList = 06CDB1451CD76C1F00F5E21A /* Build configuration list for PBXNativeTarget "Demo-OSXUITests" */;
			buildPhases = (
				06CDB1321CD76C1F00F5E21A /* Sources */,
				06CDB1331CD76C1F00F5E21A /* Frameworks */,
				06CDB1341CD76C1F00F5E21A /* Resources */,
			);
			buildRules = (
			);
			dependencies = (
				06CDB1381CD76C1F00F5E21A /* PBXTargetDependency */,
			);
			name = "Demo-OSXUITests";
			productName = "Demo-OSXUITests";
			productReference = 06CDB1361CD76C1F00F5E21A /* Demo-OSXUITests.xctest */;
			productType = "com.apple.product-type.bundle.ui-testing";
		};
/* End PBXNativeTarget section */

/* Begin PBXProject section */
		06CDB10D1CD76C1E00F5E21A /* Project object */ = {
			isa = PBXProject;
			attributes = {
				LastUpgradeCheck = 0800;
				ORGANIZATIONNAME = "Michael Monscheuer";
				TargetAttributes = {
					06CDB1141CD76C1E00F5E21A = {
						CreatedOnToolsVersion = 7.3;
					};
					06CDB12A1CD76C1F00F5E21A = {
						CreatedOnToolsVersion = 7.3;
						TestTargetID = 06CDB1141CD76C1E00F5E21A;
					};
					06CDB1351CD76C1F00F5E21A = {
						CreatedOnToolsVersion = 7.3;
						TestTargetID = 06CDB1141CD76C1E00F5E21A;
					};
				};
			};
			buildConfigurationList = 06CDB1101CD76C1E00F5E21A /* Build configuration list for PBXProject "Demo-OSX" */;
			compatibilityVersion = "Xcode 3.2";
			developmentRegion = English;
			hasScannedForEncodings = 0;
			knownRegions = (
				en,
				Base,
			);
			mainGroup = 06CDB10C1CD76C1E00F5E21A;
			productRefGroup = 06CDB1161CD76C1E00F5E21A /* Products */;
			projectDirPath = "";
			projectReferences = (
				{
					ProductGroup = 06CDB1551CD76E3900F5E21A /* Products */;
					ProjectRef = 06CDB1541CD76E3900F5E21A /* SVGKit-OSX.xcodeproj */;
				},
			);
			projectRoot = "";
			targets = (
				06CDB1141CD76C1E00F5E21A /* Demo-OSX */,
				06CDB12A1CD76C1F00F5E21A /* Demo-OSXTests */,
				06CDB1351CD76C1F00F5E21A /* Demo-OSXUITests */,
			);
		};
/* End PBXProject section */

/* Begin PBXReferenceProxy section */
		06CDB15A1CD76E3900F5E21A /* SVGKit.framework */ = {
			isa = PBXReferenceProxy;
			fileType = wrapper.framework;
			path = SVGKit.framework;
			remoteRef = 06CDB1591CD76E3900F5E21A /* PBXContainerItemProxy */;
			sourceTree = BUILT_PRODUCTS_DIR;
		};
		06CDB15C1CD76E3900F5E21A /* SVGKit-OSXTests.xctest */ = {
			isa = PBXReferenceProxy;
			fileType = wrapper.cfbundle;
			path = "SVGKit-OSXTests.xctest";
			remoteRef = 06CDB15B1CD76E3900F5E21A /* PBXContainerItemProxy */;
			sourceTree = BUILT_PRODUCTS_DIR;
		};
/* End PBXReferenceProxy section */

/* Begin PBXResourcesBuildPhase section */
		06CDB1131CD76C1E00F5E21A /* Resources */ = {
			isa = PBXResourcesBuildPhase;
			buildActionMask = 2147483647;
			files = (
				06A4A8571DB8EBD300F0C865 /* ImageCollectionViewItem.xib in Resources */,
				06CDB1221CD76C1E00F5E21A /* Assets.xcassets in Resources */,
				06CDB1251CD76C1E00F5E21A /* Main.storyboard in Resources */,
			);
			runOnlyForDeploymentPostprocessing = 0;
		};
		06CDB1291CD76C1F00F5E21A /* Resources */ = {
			isa = PBXResourcesBuildPhase;
			buildActionMask = 2147483647;
			files = (
			);
			runOnlyForDeploymentPostprocessing = 0;
		};
		06CDB1341CD76C1F00F5E21A /* Resources */ = {
			isa = PBXResourcesBuildPhase;
			buildActionMask = 2147483647;
			files = (
			);
			runOnlyForDeploymentPostprocessing = 0;
		};
/* End PBXResourcesBuildPhase section */

/* Begin PBXSourcesBuildPhase section */
		06CDB1111CD76C1E00F5E21A /* Sources */ = {
			isa = PBXSourcesBuildPhase;
			buildActionMask = 2147483647;
			files = (
				06F1230C1DC762F50057DF48 /* ImageViewerViewController.m in Sources */,
				0636A3DF1DB4E49100407464 /* MainWindowController.m in Sources */,
				06A4A8561DB8EBD300F0C865 /* ImageCollectionViewItem.m in Sources */,
				06A4A8431DB4F0E300F0C865 /* ImageFile.m in Sources */,
				0636A3DA1DB4DAF200407464 /* MainSplitViewController.m in Sources */,
				0636A3E51DB4E99000407464 /* CenteringClipView.m in Sources */,
				06A4A84F1DB8A41E00F0C865 /* ImageViewersSplitViewController.m in Sources */,
				06A4A84B1DB8A38100F0C865 /* ImageListViewController.m in Sources */,
				06CDB1201CD76C1E00F5E21A /* ViewController.m in Sources */,
				06A4A83F1DB4F0AC00F0C865 /* ImageCollection.m in Sources */,
				06CDB11D1CD76C1E00F5E21A /* main.m in Sources */,
				06CDB11A1CD76C1E00F5E21A /* AppDelegate.m in Sources */,
				06A4A8471DB50BDA00F0C865 /* ImageCollectionListViewController.m in Sources */,
			);
			runOnlyForDeploymentPostprocessing = 0;
		};
		06CDB1271CD76C1F00F5E21A /* Sources */ = {
			isa = PBXSourcesBuildPhase;
			buildActionMask = 2147483647;
			files = (
				06CDB1301CD76C1F00F5E21A /* Demo_OSXTests.m in Sources */,
			);
			runOnlyForDeploymentPostprocessing = 0;
		};
		06CDB1321CD76C1F00F5E21A /* Sources */ = {
			isa = PBXSourcesBuildPhase;
			buildActionMask = 2147483647;
			files = (
				06CDB13B1CD76C1F00F5E21A /* Demo_OSXUITests.m in Sources */,
			);
			runOnlyForDeploymentPostprocessing = 0;
		};
/* End PBXSourcesBuildPhase section */

/* Begin PBXTargetDependency section */
		06CDB12D1CD76C1F00F5E21A /* PBXTargetDependency */ = {
			isa = PBXTargetDependency;
			target = 06CDB1141CD76C1E00F5E21A /* Demo-OSX */;
			targetProxy = 06CDB12C1CD76C1F00F5E21A /* PBXContainerItemProxy */;
		};
		06CDB1381CD76C1F00F5E21A /* PBXTargetDependency */ = {
			isa = PBXTargetDependency;
			target = 06CDB1141CD76C1E00F5E21A /* Demo-OSX */;
			targetProxy = 06CDB1371CD76C1F00F5E21A /* PBXContainerItemProxy */;
		};
		06CDB1601CD76E6600F5E21A /* PBXTargetDependency */ = {
			isa = PBXTargetDependency;
			name = "SVGKit-OSX";
			targetProxy = 06CDB15F1CD76E6600F5E21A /* PBXContainerItemProxy */;
		};
/* End PBXTargetDependency section */

/* Begin PBXVariantGroup section */
		06CDB1231CD76C1E00F5E21A /* Main.storyboard */ = {
			isa = PBXVariantGroup;
			children = (
				06CDB1241CD76C1E00F5E21A /* Base */,
			);
			name = Main.storyboard;
			sourceTree = "<group>";
		};
/* End PBXVariantGroup section */

/* Begin XCBuildConfiguration section */
		06CDB13D1CD76C1F00F5E21A /* Debug */ = {
			isa = XCBuildConfiguration;
			buildSettings = {
				ALWAYS_SEARCH_USER_PATHS = NO;
				CLANG_ANALYZER_NONNULL = YES;
				CLANG_CXX_LANGUAGE_STANDARD = "gnu++0x";
				CLANG_CXX_LIBRARY = "libc++";
				CLANG_ENABLE_MODULES = YES;
				CLANG_ENABLE_OBJC_ARC = YES;
				CLANG_WARN_BOOL_CONVERSION = YES;
				CLANG_WARN_CONSTANT_CONVERSION = YES;
				CLANG_WARN_DIRECT_OBJC_ISA_USAGE = YES_ERROR;
				CLANG_WARN_EMPTY_BODY = YES;
				CLANG_WARN_ENUM_CONVERSION = YES;
				CLANG_WARN_INFINITE_RECURSION = YES;
				CLANG_WARN_INT_CONVERSION = YES;
				CLANG_WARN_OBJC_ROOT_CLASS = YES_ERROR;
				CLANG_WARN_SUSPICIOUS_MOVE = YES;
				CLANG_WARN_UNREACHABLE_CODE = YES;
				CLANG_WARN__DUPLICATE_METHOD_MATCH = YES;
				CODE_SIGN_IDENTITY = "-";
				COPY_PHASE_STRIP = NO;
				DEBUG_INFORMATION_FORMAT = dwarf;
				ENABLE_STRICT_OBJC_MSGSEND = YES;
				ENABLE_TESTABILITY = YES;
				GCC_C_LANGUAGE_STANDARD = gnu99;
				GCC_DYNAMIC_NO_PIC = NO;
				GCC_NO_COMMON_BLOCKS = YES;
				GCC_OPTIMIZATION_LEVEL = 0;
				GCC_PREPROCESSOR_DEFINITIONS = (
					"DEBUG=1",
					"$(inherited)",
				);
				GCC_WARN_64_TO_32_BIT_CONVERSION = YES;
				GCC_WARN_ABOUT_RETURN_TYPE = YES_ERROR;
				GCC_WARN_UNDECLARED_SELECTOR = YES;
				GCC_WARN_UNINITIALIZED_AUTOS = YES_AGGRESSIVE;
				GCC_WARN_UNUSED_FUNCTION = YES;
				GCC_WARN_UNUSED_VARIABLE = YES;
				MACOSX_DEPLOYMENT_TARGET = 10.11;
				MTL_ENABLE_DEBUG_INFO = YES;
				ONLY_ACTIVE_ARCH = YES;
				SDKROOT = macosx;
			};
			name = Debug;
		};
		06CDB13E1CD76C1F00F5E21A /* Release */ = {
			isa = XCBuildConfiguration;
			buildSettings = {
				ALWAYS_SEARCH_USER_PATHS = NO;
				CLANG_ANALYZER_NONNULL = YES;
				CLANG_CXX_LANGUAGE_STANDARD = "gnu++0x";
				CLANG_CXX_LIBRARY = "libc++";
				CLANG_ENABLE_MODULES = YES;
				CLANG_ENABLE_OBJC_ARC = YES;
				CLANG_WARN_BOOL_CONVERSION = YES;
				CLANG_WARN_CONSTANT_CONVERSION = YES;
				CLANG_WARN_DIRECT_OBJC_ISA_USAGE = YES_ERROR;
				CLANG_WARN_EMPTY_BODY = YES;
				CLANG_WARN_ENUM_CONVERSION = YES;
				CLANG_WARN_INFINITE_RECURSION = YES;
				CLANG_WARN_INT_CONVERSION = YES;
				CLANG_WARN_OBJC_ROOT_CLASS = YES_ERROR;
				CLANG_WARN_SUSPICIOUS_MOVE = YES;
				CLANG_WARN_UNREACHABLE_CODE = YES;
				CLANG_WARN__DUPLICATE_METHOD_MATCH = YES;
				CODE_SIGN_IDENTITY = "-";
				COPY_PHASE_STRIP = NO;
				DEBUG_INFORMATION_FORMAT = "dwarf-with-dsym";
				ENABLE_NS_ASSERTIONS = NO;
				ENABLE_STRICT_OBJC_MSGSEND = YES;
				GCC_C_LANGUAGE_STANDARD = gnu99;
				GCC_NO_COMMON_BLOCKS = YES;
				GCC_WARN_64_TO_32_BIT_CONVERSION = YES;
				GCC_WARN_ABOUT_RETURN_TYPE = YES_ERROR;
				GCC_WARN_UNDECLARED_SELECTOR = YES;
				GCC_WARN_UNINITIALIZED_AUTOS = YES_AGGRESSIVE;
				GCC_WARN_UNUSED_FUNCTION = YES;
				GCC_WARN_UNUSED_VARIABLE = YES;
				MACOSX_DEPLOYMENT_TARGET = 10.11;
				MTL_ENABLE_DEBUG_INFO = NO;
				SDKROOT = macosx;
			};
			name = Release;
		};
		06CDB1401CD76C1F00F5E21A /* Debug */ = {
			isa = XCBuildConfiguration;
			buildSettings = {
				ASSETCATALOG_COMPILER_APPICON_NAME = AppIcon;
				COMBINE_HIDPI_IMAGES = YES;
				FRAMEWORK_SEARCH_PATHS = (
					"$(inherited)",
					"$(PROJECT_DIR)/3rd-party-frameworks/CocoaLumberjack-2.2.0/Mac",
				);
				INFOPLIST_FILE = "$(SRCROOT)/SVGKitFrameworks/Demo-OSX/Demo-OSX/Info.plist";
				LD_RUNPATH_SEARCH_PATHS = "$(inherited) @executable_path/../Frameworks";
				PRODUCT_BUNDLE_IDENTIFIER = "SVGKit.Demo-OSX";
				PRODUCT_NAME = "$(TARGET_NAME)";
			};
			name = Debug;
		};
		06CDB1411CD76C1F00F5E21A /* Release */ = {
			isa = XCBuildConfiguration;
			buildSettings = {
				ASSETCATALOG_COMPILER_APPICON_NAME = AppIcon;
				COMBINE_HIDPI_IMAGES = YES;
				FRAMEWORK_SEARCH_PATHS = (
					"$(inherited)",
					"$(PROJECT_DIR)/3rd-party-frameworks/CocoaLumberjack-2.2.0/Mac",
				);
				INFOPLIST_FILE = "$(SRCROOT)/SVGKitFrameworks/Demo-OSX/Demo-OSX/Info.plist";
				LD_RUNPATH_SEARCH_PATHS = "$(inherited) @executable_path/../Frameworks";
				PRODUCT_BUNDLE_IDENTIFIER = "SVGKit.Demo-OSX";
				PRODUCT_NAME = "$(TARGET_NAME)";
			};
			name = Release;
		};
		06CDB1431CD76C1F00F5E21A /* Debug */ = {
			isa = XCBuildConfiguration;
			buildSettings = {
				BUNDLE_LOADER = "$(TEST_HOST)";
				COMBINE_HIDPI_IMAGES = YES;
				INFOPLIST_FILE = "Demo-OSXTests/Info.plist";
				LD_RUNPATH_SEARCH_PATHS = "$(inherited) @executable_path/../Frameworks @loader_path/../Frameworks";
				PRODUCT_BUNDLE_IDENTIFIER = "SVGKit.Demo-OSXTests";
				PRODUCT_NAME = "$(TARGET_NAME)";
				TEST_HOST = "$(BUILT_PRODUCTS_DIR)/Demo-OSX.app/Contents/MacOS/Demo-OSX";
			};
			name = Debug;
		};
		06CDB1441CD76C1F00F5E21A /* Release */ = {
			isa = XCBuildConfiguration;
			buildSettings = {
				BUNDLE_LOADER = "$(TEST_HOST)";
				COMBINE_HIDPI_IMAGES = YES;
				INFOPLIST_FILE = "Demo-OSXTests/Info.plist";
				LD_RUNPATH_SEARCH_PATHS = "$(inherited) @executable_path/../Frameworks @loader_path/../Frameworks";
				PRODUCT_BUNDLE_IDENTIFIER = "SVGKit.Demo-OSXTests";
				PRODUCT_NAME = "$(TARGET_NAME)";
				TEST_HOST = "$(BUILT_PRODUCTS_DIR)/Demo-OSX.app/Contents/MacOS/Demo-OSX";
			};
			name = Release;
		};
		06CDB1461CD76C1F00F5E21A /* Debug */ = {
			isa = XCBuildConfiguration;
			buildSettings = {
				COMBINE_HIDPI_IMAGES = YES;
				INFOPLIST_FILE = "Demo-OSXUITests/Info.plist";
				LD_RUNPATH_SEARCH_PATHS = "$(inherited) @executable_path/../Frameworks @loader_path/../Frameworks";
				PRODUCT_BUNDLE_IDENTIFIER = "SVGKit.Demo-OSXUITests";
				PRODUCT_NAME = "$(TARGET_NAME)";
				TEST_TARGET_NAME = "Demo-OSX";
			};
			name = Debug;
		};
		06CDB1471CD76C1F00F5E21A /* Release */ = {
			isa = XCBuildConfiguration;
			buildSettings = {
				COMBINE_HIDPI_IMAGES = YES;
				INFOPLIST_FILE = "Demo-OSXUITests/Info.plist";
				LD_RUNPATH_SEARCH_PATHS = "$(inherited) @executable_path/../Frameworks @loader_path/../Frameworks";
				PRODUCT_BUNDLE_IDENTIFIER = "SVGKit.Demo-OSXUITests";
				PRODUCT_NAME = "$(TARGET_NAME)";
				TEST_TARGET_NAME = "Demo-OSX";
			};
			name = Release;
		};
/* End XCBuildConfiguration section */

/* Begin XCConfigurationList section */
		06CDB1101CD76C1E00F5E21A /* Build configuration list for PBXProject "Demo-OSX" */ = {
			isa = XCConfigurationList;
			buildConfigurations = (
				06CDB13D1CD76C1F00F5E21A /* Debug */,
				06CDB13E1CD76C1F00F5E21A /* Release */,
			);
			defaultConfigurationIsVisible = 0;
			defaultConfigurationName = Release;
		};
		06CDB13F1CD76C1F00F5E21A /* Build configuration list for PBXNativeTarget "Demo-OSX" */ = {
			isa = XCConfigurationList;
			buildConfigurations = (
				06CDB1401CD76C1F00F5E21A /* Debug */,
				06CDB1411CD76C1F00F5E21A /* Release */,
			);
			defaultConfigurationIsVisible = 0;
			defaultConfigurationName = Release;
		};
		06CDB1421CD76C1F00F5E21A /* Build configuration list for PBXNativeTarget "Demo-OSXTests" */ = {
			isa = XCConfigurationList;
			buildConfigurations = (
				06CDB1431CD76C1F00F5E21A /* Debug */,
				06CDB1441CD76C1F00F5E21A /* Release */,
			);
			defaultConfigurationIsVisible = 0;
			defaultConfigurationName = Release;
		};
		06CDB1451CD76C1F00F5E21A /* Build configuration list for PBXNativeTarget "Demo-OSXUITests" */ = {
			isa = XCConfigurationList;
			buildConfigurations = (
				06CDB1461CD76C1F00F5E21A /* Debug */,
				06CDB1471CD76C1F00F5E21A /* Release */,
			);
			defaultConfigurationIsVisible = 0;
			defaultConfigurationName = Release;
		};
/* End XCConfigurationList section */
	};
	rootObject = 06CDB10D1CD76C1E00F5E21A /* Project object */;
}
